
Microsoft Visual Studio Solution File, Format Version 12.00
# Visual Studio Version 17
VisualStudioVersion = 17.5.002.0
MinimumVisualStudioVersion = 10.0.40219.1
Project("{9A19103F-16F7-4668-BE54-9A1E7A4F7556}") = "Inventory", "Inventory.csproj", "{F5ED06BD-C58B-4FDC-8C25-E9003CE84A7A}"
EndProject
Global
	GlobalSection(SolutionConfigurationPlatforms) = preSolution
		Debug|Any CPU = Debug|Any CPU
		Release|Any CPU = Release|Any CPU
	EndGlobalSection
	GlobalSection(ProjectConfigurationPlatforms) = postSolution
		{F5ED06BD-C58B-4FDC-8C25-E9003CE84A7A}.Debug|Any CPU.ActiveCfg = Debug|Any CPU
		{F5ED06BD-C58B-4FDC-8C25-E9003CE84A7A}.Debug|Any CPU.Build.0 = Debug|Any CPU
		{F5ED06BD-C58B-4FDC-8C25-E9003CE84A7A}.Release|Any CPU.ActiveCfg = Release|Any CPU
		{F5ED06BD-C58B-4FDC-8C25-E9003CE84A7A}.Release|Any CPU.Build.0 = Release|Any CPU
	EndGlobalSection
	GlobalSection(SolutionProperties) = preSolution
		HideSolutionNode = FALSE
	EndGlobalSection
	GlobalSection(ExtensibilityGlobals) = postSolution
		SolutionGuid = {D8B43033-B345-48D6-B7C9-84380BDC8D0E}
	EndGlobalSection
EndGlobal
